
Microsoft Visual Studio Solution File, Format Version 12.00
# Visual Studio Version 17
VisualStudioVersion = 17.11.35312.102
MinimumVisualStudioVersion = 10.0.40219.1
Project("{FAE04EC0-301F-11D3-BF4B-00C04F79EFBC}") = "C#Basic", "C#Basic.csproj", "{167F9FFB-00EE-4480-BE75-6F18FD944BB0}"
EndProject
Global
	GlobalSection(SolutionConfigurationPlatforms) = preSolution
		Debug|Any CPU = Debug|Any CPU
		Release|Any CPU = Release|Any CPU
	EndGlobalSection
	GlobalSection(ProjectConfigurationPlatforms) = postSolution
		{167F9FFB-00EE-4480-BE75-6F18FD944BB0}.Debug|Any CPU.ActiveCfg = Debug|Any CPU
		{167F9FFB-00EE-4480-BE75-6F18FD944BB0}.Debug|Any CPU.Build.0 = Debug|Any CPU
		{167F9FFB-00EE-4480-BE75-6F18FD944BB0}.Release|Any CPU.ActiveCfg = Release|Any CPU
		{167F9FFB-00EE-4480-BE75-6F18FD944BB0}.Release|Any CPU.Build.0 = Release|Any CPU
	EndGlobalSection
	GlobalSection(SolutionProperties) = preSolution
		HideSolutionNode = FALSE
	EndGlobalSection
	GlobalSection(ExtensibilityGlobals) = postSolution
		SolutionGuid = {F137D5A4-3FFB-4849-8532-337F2EEEA65C}
	EndGlobalSection
EndGlobal
